
Microsoft Visual Studio Solution File, Format Version 11.00
# Visual Studio 2010
Project("{FAE04EC0-301F-11D3-BF4B-00C04F79EFBC}") = "MvcPrint", "MvcPrint\MvcPrint.csproj", "{1D6ABB1B-BA7E-4E32-AF88-176D87DCCEAE}"
EndProject
Global
	GlobalSection(SolutionConfigurationPlatforms) = preSolution
		Debug|Any CPU = Debug|Any CPU
		Release|Any CPU = Release|Any CPU
	EndGlobalSection
	GlobalSection(ProjectConfigurationPlatforms) = postSolution
		{1D6ABB1B-BA7E-4E32-AF88-176D87DCCEAE}.Debug|Any CPU.ActiveCfg = Debug|Any CPU
		{1D6ABB1B-BA7E-4E32-AF88-176D87DCCEAE}.Debug|Any CPU.Build.0 = Debug|Any CPU
		{1D6ABB1B-BA7E-4E32-AF88-176D87DCCEAE}.Release|Any CPU.ActiveCfg = Release|Any CPU
		{1D6ABB1B-BA7E-4E32-AF88-176D87DCCEAE}.Release|Any CPU.Build.0 = Release|Any CPU
	EndGlobalSection
	GlobalSection(SolutionProperties) = preSolution
		HideSolutionNode = FALSE
	EndGlobalSection
EndGlobal
